
Microsoft Visual Studio Solution File, Format Version 12.00
# Visual Studio Version 16
VisualStudioVersion = 16.0.33801.447
MinimumVisualStudioVersion = 10.0.40219.1
Project("{FAE04EC0-301F-11D3-BF4B-00C04F79EFBC}") = "1stgithubproject", "1stgithubproject\1stgithubproject.csproj", "{55FB12FD-CE46-4811-A849-6B05F4D2FEF9}"
EndProject
Global
	GlobalSection(SolutionConfigurationPlatforms) = preSolution
		Debug|Any CPU = Debug|Any CPU
		Release|Any CPU = Release|Any CPU
	EndGlobalSection
	GlobalSection(ProjectConfigurationPlatforms) = postSolution
		{55FB12FD-CE46-4811-A849-6B05F4D2FEF9}.Debug|Any CPU.ActiveCfg = Debug|Any CPU
		{55FB12FD-CE46-4811-A849-6B05F4D2FEF9}.Debug|Any CPU.Build.0 = Debug|Any CPU
		{55FB12FD-CE46-4811-A849-6B05F4D2FEF9}.Release|Any CPU.ActiveCfg = Release|Any CPU
		{55FB12FD-CE46-4811-A849-6B05F4D2FEF9}.Release|Any CPU.Build.0 = Release|Any CPU
	EndGlobalSection
	GlobalSection(SolutionProperties) = preSolution
		HideSolutionNode = FALSE
	EndGlobalSection
	GlobalSection(ExtensibilityGlobals) = postSolution
		SolutionGuid = {AAE83B56-976F-45E2-86F6-47E331FD31C3}
	EndGlobalSection
EndGlobal
